<?xml version="1.0" encoding="utf-8"?>
<Project ToolsVersion="4.0" xmlns="http://schemas.microsoft.com/developer/msbuild/2003">
  <ItemGroup>
    <Filter Include="src">
      <UniqueIdentifier>{f8025251-eda3-45b5-b21a-169e5bf818a2}</UniqueIdentifier>
    </Filter>
    <Filter Include="common">
      <UniqueIdentifier>{946565e9-1270-484b-82e0-ab06be5f67bb}</UniqueIdentifier>
    </Filter>
    <Filter Include="data">
      <UniqueIdentifier>{374c687a-0e2b-49b6-9c20-6afea622b087}</UniqueIdentifier>
    </Filter>
  </ItemGroup>
  <ItemGroup>
    <ClInclude Include="src\App.h">
      <Filter>src</Filter>
    </ClInclude>
    <ClInclude Include="..\common\glmath.h">
      <Filter>common</Filter>
    </ClInclude>
    <ClInclude Include="..\common\Graphic.h">
      <Filter>common</Filter>
    </ClInclude>
    <ClInclude Include="..\common\Tga.h">
      <Filter>common</Filter>
    </ClInclude>
    <ClInclude Include="..\common\Utils.h">
      <Filter>common</Filter>
    </ClInclude>
    <ClInclude Include="..\common\Window.h">
      <Filter>common</Filter>
    </ClInclude>
    <ClInclude Include="..\common\WindowListener.h">
      <Filter>common</Filter>
    </ClInclude>
    <ClInclude Include="src\Defines.h">
      <Filter>src</Filter>
    </ClInclude>
  </ItemGroup>
  <ItemGroup>
    <ClCompile Include="src\main.cpp">
      <Filter>src</Filter>
    </ClCompile>
  </ItemGroup>
  <ItemGroup>
    <CopyFileToFolders Include="..\gles\libEGL.dll" />
    <CopyFileToFolders Include="..\gles\libGLESv2.dll" />
    <CopyFileToFolders Include="data\fs.glsl" />
    <CopyFileToFolders Include="data\vs.glsl" />
  </ItemGroup>
</Project>